
Microsoft Visual Studio Solution File, Format Version 12.00
# Visual Studio Version 17
VisualStudioVersion = 17.2.32516.85
MinimumVisualStudioVersion = 10.0.40219.1
Project("{2150E333-8FDC-42A3-9474-1A3956D46DE8}") = "Demos", "Demos", "{25A8E61A-724D-4F49-9485-C809AFE05215}"
EndProject
Project("{2150E333-8FDC-42A3-9474-1A3956D46DE8}") = "Exercices", "Exercices", "{C3456B6F-C558-4590-BE2A-CDABB21844A4}"
EndProject
Project("{2150E333-8FDC-42A3-9474-1A3956D46DE8}") = "ExoPage148", "ExoPage148", "{2329C039-1524-452A-81ED-27D75537FBC5}"
EndProject
Project("{9A19103F-16F7-4668-BE54-9A1E7A4F7556}") = "ExoPage148A", "ExoPage148A\ExoPage148A.csproj", "{3ECE68E4-D962-4977-8593-5B942E19BB84}"
EndProject
Project("{9A19103F-16F7-4668-BE54-9A1E7A4F7556}") = "ExoPage148B", "ExoPage148B\ExoPage148B.csproj", "{A222C5AC-00A0-42D1-BBBC-CE46DF304186}"
EndProject
Project("{9A19103F-16F7-4668-BE54-9A1E7A4F7556}") = "ExoPage148C", "ExoPage148C\ExoPage148C.csproj", "{4A7EB374-84AA-4C0B-BC49-32E22156FAEE}"
EndProject
Project("{9A19103F-16F7-4668-BE54-9A1E7A4F7556}") = "ExoPage148D", "ExoPage148D\ExoPage148D.csproj", "{46D160BB-AFCA-4FDA-B06E-4FAD7C659AAC}"
EndProject
Project("{9A19103F-16F7-4668-BE54-9A1E7A4F7556}") = "ExoPage148E", "ExoPage148E\ExoPage148E.csproj", "{595B18B1-9314-4474-A601-D4EEC4017D4A}"
EndProject
Project("{9A19103F-16F7-4668-BE54-9A1E7A4F7556}") = "ExoPage148C_Bis", "ExoPage148C_Bis\ExoPage148C_Bis.csproj", "{D3392E90-C3B2-47E7-8937-7DDA4799F633}"
EndProject
Project("{2150E333-8FDC-42A3-9474-1A3956D46DE8}") = "Tableaux", "Tableaux", "{2C5D9E52-C323-460A-A686-16388E8AC793}"
EndProject
Project("{9A19103F-16F7-4668-BE54-9A1E7A4F7556}") = "demoTableau", "demoTableau\demoTableau.csproj", "{C19CD782-9328-440C-9A5C-89A646A437EE}"
EndProject
Project("{9A19103F-16F7-4668-BE54-9A1E7A4F7556}") = "demoTableauMatrice", "demoTableauMatrice\demoTableauMatrice.csproj", "{E54F4CE6-3053-46CA-A20D-5228A52E25DA}"
EndProject
Project("{9A19103F-16F7-4668-BE54-9A1E7A4F7556}") = "demoTableauOrtho", "demoTableauOrtho\demoTableauOrtho.csproj", "{E8D2FABD-B662-41D1-81BA-A176B5E4D2E0}"
EndProject
Project("{9A19103F-16F7-4668-BE54-9A1E7A4F7556}") = "demoCollections", "demoCollections\demoCollections.csproj", "{D12701C6-0A84-4607-BBEC-34DCE6ABE978}"
EndProject
Project("{9A19103F-16F7-4668-BE54-9A1E7A4F7556}") = "demoCollectionsQueue", "demoCollectionsQueue\demoCollectionsQueue.csproj", "{71D3A390-63DA-471B-AE79-E3B61E7F4175}"
EndProject
Project("{9A19103F-16F7-4668-BE54-9A1E7A4F7556}") = "demoCollectionsStack", "demoCollectionsStack\demoCollectionsStack.csproj", "{80A46D25-1814-403C-A250-EA3DAEE81098}"
EndProject
Project("{9A19103F-16F7-4668-BE54-9A1E7A4F7556}") = "demoCollectionsGeneriques", "demoCollectionsGeneriques\demoCollectionsGeneriques.csproj", "{E2F515C7-3664-46AF-A4E0-A6A71BC1E5D1}"
EndProject
Project("{2150E333-8FDC-42A3-9474-1A3956D46DE8}") = "ExoPage164", "ExoPage164", "{5EC230E4-0D98-4A70-BAC9-A4F3606D248E}"
EndProject
Project("{FAE04EC0-301F-11D3-BF4B-00C04F79EFBC}") = "ExoPage164A", "ExoPage164A\ExoPage164A.csproj", "{812684D3-8505-4CB9-9DE8-AB10E1772D5B}"
EndProject
Project("{FAE04EC0-301F-11D3-BF4B-00C04F79EFBC}") = "ExoPage164B", "ExoPage164B\ExoPage164B.csproj", "{4087EC2D-2638-4AFA-804F-B80CCE24BAF6}"
EndProject
Project("{FAE04EC0-301F-11D3-BF4B-00C04F79EFBC}") = "ExoPage164C", "ExoPage164C\ExoPage164C.csproj", "{1FF8CD45-E2EB-490E-AB5D-3579A81ACE59}"
EndProject
Project("{2150E333-8FDC-42A3-9474-1A3956D46DE8}") = "Structures", "Structures", "{4DBDBD00-B20D-4005-B2FF-DB0F9C0ED13A}"
EndProject
Project("{FAE04EC0-301F-11D3-BF4B-00C04F79EFBC}") = "demoStructures", "demoStructures\demoStructures.csproj", "{158C4D64-F2C3-4910-8DAE-77CA8DD13D72}"
EndProject
Project("{2150E333-8FDC-42A3-9474-1A3956D46DE8}") = "ExoPage171", "ExoPage171", "{80C7B0D6-9BB5-4740-B594-6856AFD6FCF6}"
EndProject
Project("{FAE04EC0-301F-11D3-BF4B-00C04F79EFBC}") = "ExoPage171A", "ExoPage171A\ExoPage171A.csproj", "{9125B2B9-9601-40BE-BCCA-2CE7A225643B}"
EndProject
Project("{FAE04EC0-301F-11D3-BF4B-00C04F79EFBC}") = "ExoPage171B", "ExoPage171B\ExoPage171B.csproj", "{478D8BEE-356F-4BAE-9735-215EA0109C3F}"
EndProject
Global
	GlobalSection(SolutionConfigurationPlatforms) = preSolution
		Debug|Any CPU = Debug|Any CPU
		Release|Any CPU = Release|Any CPU
	EndGlobalSection
	GlobalSection(ProjectConfigurationPlatforms) = postSolution
		{3ECE68E4-D962-4977-8593-5B942E19BB84}.Debug|Any CPU.ActiveCfg = Debug|Any CPU
		{3ECE68E4-D962-4977-8593-5B942E19BB84}.Debug|Any CPU.Build.0 = Debug|Any CPU
		{3ECE68E4-D962-4977-8593-5B942E19BB84}.Release|Any CPU.ActiveCfg = Release|Any CPU
		{3ECE68E4-D962-4977-8593-5B942E19BB84}.Release|Any CPU.Build.0 = Release|Any CPU
		{A222C5AC-00A0-42D1-BBBC-CE46DF304186}.Debug|Any CPU.ActiveCfg = Debug|Any CPU
		{A222C5AC-00A0-42D1-BBBC-CE46DF304186}.Debug|Any CPU.Build.0 = Debug|Any CPU
		{A222C5AC-00A0-42D1-BBBC-CE46DF304186}.Release|Any CPU.ActiveCfg = Release|Any CPU
		{A222C5AC-00A0-42D1-BBBC-CE46DF304186}.Release|Any CPU.Build.0 = Release|Any CPU
		{4A7EB374-84AA-4C0B-BC49-32E22156FAEE}.Debug|Any CPU.ActiveCfg = Debug|Any CPU
		{4A7EB374-84AA-4C0B-BC49-32E22156FAEE}.Debug|Any CPU.Build.0 = Debug|Any CPU
		{4A7EB374-84AA-4C0B-BC49-32E22156FAEE}.Release|Any CPU.ActiveCfg = Release|Any CPU
		{4A7EB374-84AA-4C0B-BC49-32E22156FAEE}.Release|Any CPU.Build.0 = Release|Any CPU
		{46D160BB-AFCA-4FDA-B06E-4FAD7C659AAC}.Debug|Any CPU.ActiveCfg = Debug|Any CPU
		{46D160BB-AFCA-4FDA-B06E-4FAD7C659AAC}.Debug|Any CPU.Build.0 = Debug|Any CPU
		{46D160BB-AFCA-4FDA-B06E-4FAD7C659AAC}.Release|Any CPU.ActiveCfg = Release|Any CPU
		{46D160BB-AFCA-4FDA-B06E-4FAD7C659AAC}.Release|Any CPU.Build.0 = Release|Any CPU
		{595B18B1-9314-4474-A601-D4EEC4017D4A}.Debug|Any CPU.ActiveCfg = Debug|Any CPU
		{595B18B1-9314-4474-A601-D4EEC4017D4A}.Debug|Any CPU.Build.0 = Debug|Any CPU
		{595B18B1-9314-4474-A601-D4EEC4017D4A}.Release|Any CPU.ActiveCfg = Release|Any CPU
		{595B18B1-9314-4474-A601-D4EEC4017D4A}.Release|Any CPU.Build.0 = Release|Any CPU
		{D3392E90-C3B2-47E7-8937-7DDA4799F633}.Debug|Any CPU.ActiveCfg = Debug|Any CPU
		{D3392E90-C3B2-47E7-8937-7DDA4799F633}.Debug|Any CPU.Build.0 = Debug|Any CPU
		{D3392E90-C3B2-47E7-8937-7DDA4799F633}.Release|Any CPU.ActiveCfg = Release|Any CPU
		{D3392E90-C3B2-47E7-8937-7DDA4799F633}.Release|Any CPU.Build.0 = Release|Any CPU
		{C19CD782-9328-440C-9A5C-89A646A437EE}.Debug|Any CPU.ActiveCfg = Debug|Any CPU
		{C19CD782-9328-440C-9A5C-89A646A437EE}.Debug|Any CPU.Build.0 = Debug|Any CPU
		{C19CD782-9328-440C-9A5C-89A646A437EE}.Release|Any CPU.ActiveCfg = Release|Any CPU
		{C19CD782-9328-440C-9A5C-89A646A437EE}.Release|Any CPU.Build.0 = Release|Any CPU
		{E54F4CE6-3053-46CA-A20D-5228A52E25DA}.Debug|Any CPU.ActiveCfg = Debug|Any CPU
		{E54F4CE6-3053-46CA-A20D-5228A52E25DA}.Debug|Any CPU.Build.0 = Debug|Any CPU
		{E54F4CE6-3053-46CA-A20D-5228A52E25DA}.Release|Any CPU.ActiveCfg = Release|Any CPU
		{E54F4CE6-3053-46CA-A20D-5228A52E25DA}.Release|Any CPU.Build.0 = Release|Any CPU
		{E8D2FABD-B662-41D1-81BA-A176B5E4D2E0}.Debug|Any CPU.ActiveCfg = Debug|Any CPU
		{E8D2FABD-B662-41D1-81BA-A176B5E4D2E0}.Debug|Any CPU.Build.0 = Debug|Any CPU
		{E8D2FABD-B662-41D1-81BA-A176B5E4D2E0}.Release|Any CPU.ActiveCfg = Release|Any CPU
		{E8D2FABD-B662-41D1-81BA-A176B5E4D2E0}.Release|Any CPU.Build.0 = Release|Any CPU
		{D12701C6-0A84-4607-BBEC-34DCE6ABE978}.Debug|Any CPU.ActiveCfg = Debug|Any CPU
		{D12701C6-0A84-4607-BBEC-34DCE6ABE978}.Debug|Any CPU.Build.0 = Debug|Any CPU
		{D12701C6-0A84-4607-BBEC-34DCE6ABE978}.Release|Any CPU.ActiveCfg = Release|Any CPU
		{D12701C6-0A84-4607-BBEC-34DCE6ABE978}.Release|Any CPU.Build.0 = Release|Any CPU
		{71D3A390-63DA-471B-AE79-E3B61E7F4175}.Debug|Any CPU.ActiveCfg = Debug|Any CPU
		{71D3A390-63DA-471B-AE79-E3B61E7F4175}.Debug|Any CPU.Build.0 = Debug|Any CPU
		{71D3A390-63DA-471B-AE79-E3B61E7F4175}.Release|Any CPU.ActiveCfg = Release|Any CPU
		{71D3A390-63DA-471B-AE79-E3B61E7F4175}.Release|Any CPU.Build.0 = Release|Any CPU
		{80A46D25-1814-403C-A250-EA3DAEE81098}.Debug|Any CPU.ActiveCfg = Debug|Any CPU
		{80A46D25-1814-403C-A250-EA3DAEE81098}.Debug|Any CPU.Build.0 = Debug|Any CPU
		{80A46D25-1814-403C-A250-EA3DAEE81098}.Release|Any CPU.ActiveCfg = Release|Any CPU
		{80A46D25-1814-403C-A250-EA3DAEE81098}.Release|Any CPU.Build.0 = Release|Any CPU
		{E2F515C7-3664-46AF-A4E0-A6A71BC1E5D1}.Debug|Any CPU.ActiveCfg = Debug|Any CPU
		{E2F515C7-3664-46AF-A4E0-A6A71BC1E5D1}.Debug|Any CPU.Build.0 = Debug|Any CPU
		{E2F515C7-3664-46AF-A4E0-A6A71BC1E5D1}.Release|Any CPU.ActiveCfg = Release|Any CPU
		{E2F515C7-3664-46AF-A4E0-A6A71BC1E5D1}.Release|Any CPU.Build.0 = Release|Any CPU
		{812684D3-8505-4CB9-9DE8-AB10E1772D5B}.Debug|Any CPU.ActiveCfg = Debug|Any CPU
		{812684D3-8505-4CB9-9DE8-AB10E1772D5B}.Debug|Any CPU.Build.0 = Debug|Any CPU
		{812684D3-8505-4CB9-9DE8-AB10E1772D5B}.Release|Any CPU.ActiveCfg = Release|Any CPU
		{812684D3-8505-4CB9-9DE8-AB10E1772D5B}.Release|Any CPU.Build.0 = Release|Any CPU
		{4087EC2D-2638-4AFA-804F-B80CCE24BAF6}.Debug|Any CPU.ActiveCfg = Debug|Any CPU
		{4087EC2D-2638-4AFA-804F-B80CCE24BAF6}.Debug|Any CPU.Build.0 = Debug|Any CPU
		{4087EC2D-2638-4AFA-804F-B80CCE24BAF6}.Release|Any CPU.ActiveCfg = Release|Any CPU
		{4087EC2D-2638-4AFA-804F-B80CCE24BAF6}.Release|Any CPU.Build.0 = Release|Any CPU
		{1FF8CD45-E2EB-490E-AB5D-3579A81ACE59}.Debug|Any CPU.ActiveCfg = Debug|Any CPU
		{1FF8CD45-E2EB-490E-AB5D-3579A81ACE59}.Debug|Any CPU.Build.0 = Debug|Any CPU
		{1FF8CD45-E2EB-490E-AB5D-3579A81ACE59}.Release|Any CPU.ActiveCfg = Release|Any CPU
		{1FF8CD45-E2EB-490E-AB5D-3579A81ACE59}.Release|Any CPU.Build.0 = Release|Any CPU
		{158C4D64-F2C3-4910-8DAE-77CA8DD13D72}.Debug|Any CPU.ActiveCfg = Debug|Any CPU
		{158C4D64-F2C3-4910-8DAE-77CA8DD13D72}.Debug|Any CPU.Build.0 = Debug|Any CPU
		{158C4D64-F2C3-4910-8DAE-77CA8DD13D72}.Release|Any CPU.ActiveCfg = Release|Any CPU
		{158C4D64-F2C3-4910-8DAE-77CA8DD13D72}.Release|Any CPU.Build.0 = Release|Any CPU
		{9125B2B9-9601-40BE-BCCA-2CE7A225643B}.Debug|Any CPU.ActiveCfg = Debug|Any CPU
		{9125B2B9-9601-40BE-BCCA-2CE7A225643B}.Debug|Any CPU.Build.0 = Debug|Any CPU
		{9125B2B9-9601-40BE-BCCA-2CE7A225643B}.Release|Any CPU.ActiveCfg = Release|Any CPU
		{9125B2B9-9601-40BE-BCCA-2CE7A225643B}.Release|Any CPU.Build.0 = Release|Any CPU
		{478D8BEE-356F-4BAE-9735-215EA0109C3F}.Debug|Any CPU.ActiveCfg = Debug|Any CPU
		{478D8BEE-356F-4BAE-9735-215EA0109C3F}.Debug|Any CPU.Build.0 = Debug|Any CPU
		{478D8BEE-356F-4BAE-9735-215EA0109C3F}.Release|Any CPU.ActiveCfg = Release|Any CPU
		{478D8BEE-356F-4BAE-9735-215EA0109C3F}.Release|Any CPU.Build.0 = Release|Any CPU
	EndGlobalSection
	GlobalSection(SolutionProperties) = preSolution
		HideSolutionNode = FALSE
	EndGlobalSection
	GlobalSection(NestedProjects) = preSolution
		{2329C039-1524-452A-81ED-27D75537FBC5} = {C3456B6F-C558-4590-BE2A-CDABB21844A4}
		{3ECE68E4-D962-4977-8593-5B942E19BB84} = {2329C039-1524-452A-81ED-27D75537FBC5}
		{A222C5AC-00A0-42D1-BBBC-CE46DF304186} = {2329C039-1524-452A-81ED-27D75537FBC5}
		{4A7EB374-84AA-4C0B-BC49-32E22156FAEE} = {2329C039-1524-452A-81ED-27D75537FBC5}
		{46D160BB-AFCA-4FDA-B06E-4FAD7C659AAC} = {2329C039-1524-452A-81ED-27D75537FBC5}
		{595B18B1-9314-4474-A601-D4EEC4017D4A} = {2329C039-1524-452A-81ED-27D75537FBC5}
		{D3392E90-C3B2-47E7-8937-7DDA4799F633} = {2329C039-1524-452A-81ED-27D75537FBC5}
		{2C5D9E52-C323-460A-A686-16388E8AC793} = {25A8E61A-724D-4F49-9485-C809AFE05215}
		{C19CD782-9328-440C-9A5C-89A646A437EE} = {2C5D9E52-C323-460A-A686-16388E8AC793}
		{E54F4CE6-3053-46CA-A20D-5228A52E25DA} = {2C5D9E52-C323-460A-A686-16388E8AC793}
		{E8D2FABD-B662-41D1-81BA-A176B5E4D2E0} = {2C5D9E52-C323-460A-A686-16388E8AC793}
		{D12701C6-0A84-4607-BBEC-34DCE6ABE978} = {2C5D9E52-C323-460A-A686-16388E8AC793}
		{71D3A390-63DA-471B-AE79-E3B61E7F4175} = {2C5D9E52-C323-460A-A686-16388E8AC793}
		{80A46D25-1814-403C-A250-EA3DAEE81098} = {2C5D9E52-C323-460A-A686-16388E8AC793}
		{E2F515C7-3664-46AF-A4E0-A6A71BC1E5D1} = {2C5D9E52-C323-460A-A686-16388E8AC793}
		{5EC230E4-0D98-4A70-BAC9-A4F3606D248E} = {C3456B6F-C558-4590-BE2A-CDABB21844A4}
		{812684D3-8505-4CB9-9DE8-AB10E1772D5B} = {5EC230E4-0D98-4A70-BAC9-A4F3606D248E}
		{4087EC2D-2638-4AFA-804F-B80CCE24BAF6} = {5EC230E4-0D98-4A70-BAC9-A4F3606D248E}
		{1FF8CD45-E2EB-490E-AB5D-3579A81ACE59} = {5EC230E4-0D98-4A70-BAC9-A4F3606D248E}
		{4DBDBD00-B20D-4005-B2FF-DB0F9C0ED13A} = {25A8E61A-724D-4F49-9485-C809AFE05215}
		{158C4D64-F2C3-4910-8DAE-77CA8DD13D72} = {4DBDBD00-B20D-4005-B2FF-DB0F9C0ED13A}
		{80C7B0D6-9BB5-4740-B594-6856AFD6FCF6} = {C3456B6F-C558-4590-BE2A-CDABB21844A4}
		{9125B2B9-9601-40BE-BCCA-2CE7A225643B} = {80C7B0D6-9BB5-4740-B594-6856AFD6FCF6}
		{478D8BEE-356F-4BAE-9735-215EA0109C3F} = {80C7B0D6-9BB5-4740-B594-6856AFD6FCF6}
	EndGlobalSection
	GlobalSection(ExtensibilityGlobals) = postSolution
		SolutionGuid = {90FC2326-0276-4481-91A9-1CBE25F3C13F}
	EndGlobalSection
EndGlobal
